{
  "name": "P2",
  "lockfileVersion": 2,
  "requires": true,
  "packages": {
    "": {
      "dependencies": {
        "calc2": "file:../P1"
      }
    },
    "../P1": {
      "version": "1.0.0",
      "license": "ISC"
    },
    "node_modules/calc2": {
      "resolved": "../P1",
      "link": true
    }
  },
  "dependencies": {
    "calc2": {
      "version": "file:../P1"
    }
  }
}
